
Microsoft Visual Studio Solution File, Format Version 12.00
# Visual Studio 15
VisualStudioVersion = 15.0.28307.438
MinimumVisualStudioVersion = 10.0.40219.1
Project("{FAE04EC0-301F-11D3-BF4B-00C04F79EFBC}") = "TestProject", "TestProject\TestProject.csproj", "{1F205136-15EC-4AB8-A045-777CF26F147C}"
EndProject
Global
	GlobalSection(SolutionConfigurationPlatforms) = preSolution
		Debug|Any CPU = Debug|Any CPU
		Release|Any CPU = Release|Any CPU
	EndGlobalSection
	GlobalSection(ProjectConfigurationPlatforms) = postSolution
		{1F205136-15EC-4AB8-A045-777CF26F147C}.Debug|Any CPU.ActiveCfg = Debug|Any CPU
		{1F205136-15EC-4AB8-A045-777CF26F147C}.Debug|Any CPU.Build.0 = Debug|Any CPU
		{1F205136-15EC-4AB8-A045-777CF26F147C}.Release|Any CPU.ActiveCfg = Release|Any CPU
		{1F205136-15EC-4AB8-A045-777CF26F147C}.Release|Any CPU.Build.0 = Release|Any CPU
	EndGlobalSection
	GlobalSection(SolutionProperties) = preSolution
		HideSolutionNode = FALSE
	EndGlobalSection
	GlobalSection(ExtensibilityGlobals) = postSolution
		SolutionGuid = {FF25FEC0-2BEB-478A-838B-86013C81B10E}
	EndGlobalSection
EndGlobal
